PODS:
  - Alamofire (4.7.3)
  - AlamofireImage (3.3.1):
    - Alamofire (~> 4.5)
  - AutoInsetter (1.2.4)
  - Bolts/Tasks (1.9.0)
  - Chatto (3.3.1)
  - ChattoAdditions (3.3.1):
    - Chatto
  - Pageboy (2.5.4)
  - Parse (1.17.1):
    - Parse/Core (= 1.17.1)
  - Parse/Core (1.17.1):
    - Bolts/Tasks (~> 1.9)
  - PKHUD (5.1.0)
  - QRCode (2.0)
  - SkyFloatingLabelTextField (3.5.1)
  - SwiftGifOrigin (1.6.1)
  - SwiftLint (0.26.0)
  - Tabman (1.9.1):
    - AutoInsetter (~> 1.2.0)
    - Pageboy (~> 2.5.0)

DEPENDENCIES:
  - AlamofireImage
  - Chatto (= 3.3.1)
  - ChattoAdditions (= 3.3.1)
  - Pageboy (~> 2.0)
  - Parse
  - PKHUD (~> 5.0)
  - QRCode
  - SkyFloatingLabelTextField (~> 3.0)
  - SwiftGifOrigin (~> 1.6.1)
  - SwiftLint
  - Tabman (~> 1.0)

SPEC REPOS:
  https://github.com/cocoapods/specs.git:
    - Alamofire
    - AlamofireImage
    - AutoInsetter
    - Bolts
    - Chatto
    - ChattoAdditions
    - Pageboy
    - Parse
    - PKHUD
    - QRCode
    - SkyFloatingLabelTextField
    - SwiftGifOrigin
    - SwiftLint
    - Tabman

SPEC CHECKSUMS:
  Alamofire: c7287b6e5d7da964a70935e5db17046b7fde6568
  AlamofireImage: 3b35b586853abaf94ca1250f4e94cff3c21a4c0d
  AutoInsetter: 00cbcc6c56e9294169222b3e29fb336db7181156
  Bolts: ac6567323eac61e203f6a9763667d0f711be34c8
  Chatto: 24a6c9b0c91b08130466888b8b61563b90191c6f
  ChattoAdditions: cc74cd3dd371aa3f70e5ab8568a4f383f0c0eb8c
  Pageboy: 46d743783414a18f8b27a988485e0ed2ea219ff7
  Parse: d3edaf8c7c722cb33cb83ba7821d015ae32d362d
  PKHUD: 62ea46a1e88c4def1da784878d199bb54c841e3c
  QRCode: f98a1886c8f37523704a7512a4c0cd45b34c18a4
  SkyFloatingLabelTextField: 4cbeece9c3aae97c6019d8fae511cb5b755874f7
  SwiftGifOrigin: d6679d3ebe9df2e049a84bc52582635107b581f6
  SwiftLint: f6b83e8d95ee1e91e11932d843af4fdcbf3fc764
  Tabman: e867a8e3fc72a30cc694aca51a2b331070f5e3ba

PODFILE CHECKSUM: 240e4726bd5d0447de59de26170674b78a09339e

COCOAPODS: 1.5.3
