// !$*UTF8*$!
{
	archiveVersion = 1;
	classes = {
	};
	objectVersion = 48;
	objects = {

/* Begin PBXBuildFile section */
		5A254ADB2082F04E00767CB7 /* AppDelegate.swift in Sources */ = {isa = PBXBuildFile; fileRef = 5A254ADA2082F04E00767CB7 /* AppDelegate.swift */; };
		5A254ADD2082F04E00767CB7 /* ViewController.swift in Sources */ = {isa = PBXBuildFile; fileRef = 5A254ADC2082F04E00767CB7 /* ViewController.swift */; };
		5A254AE02082F04E00767CB7 /* Main.storyboard in Resources */ = {isa = PBXBuildFile; fileRef = 5A254ADE2082F04E00767CB7 /* Main.storyboard */; };
		5A254AE22082F04E00767CB7 /* Assets.xcassets in Resources */ = {isa = PBXBuildFile; fileRef = 5A254AE12082F04E00767CB7 /* Assets.xcassets */; };
		5A254AE52082F04E00767CB7 /* LaunchScreen.storyboard in Resources */ = {isa = PBXBuildFile; fileRef = 5A254AE32082F04E00767CB7 /* LaunchScreen.storyboard */; };
		5A254AF02082F04E00767CB7 /* share_timeTests.swift in Sources */ = {isa = PBXBuildFile; fileRef = 5A254AEF2082F04E00767CB7 /* share_timeTests.swift */; };
		5A254AFB2082F04E00767CB7 /* share_timeUITests.swift in Sources */ = {isa = PBXBuildFile; fileRef = 5A254AFA2082F04E00767CB7 /* share_timeUITests.swift */; };
/* End PBXBuildFile section */

/* Begin PBXContainerItemProxy section */
		5A254AEC2082F04E00767CB7 /* PBXContainerItemProxy */ = {
			isa = PBXContainerItemProxy;
			containerPortal = 5A254ACF2082F04E00767CB7 /* Project object */;
			proxyType = 1;
			remoteGlobalIDString = 5A254AD62082F04E00767CB7;
			remoteInfo = "share-time";
		};
		5A254AF72082F04E00767CB7 /* PBXContainerItemProxy */ = {
			isa = PBXContainerItemProxy;
			containerPortal = 5A254ACF2082F04E00767CB7 /* Project object */;
			proxyType = 1;
			remoteGlobalIDString = 5A254AD62082F04E00767CB7;
			remoteInfo = "share-time";
		};
/* End PBXContainerItemProxy section */

/* Begin PBXFileReference section */
		5A254AD72082F04E00767CB7 /* share-time.app */ = {isa = PBXFileReference; explicitFileType = wrapper.application; includeInIndex = 0; path = "share-time.app"; sourceTree = BUILT_PRODUCTS_DIR; };
		5A254ADA2082F04E00767CB7 /* AppDelegate.swift */ = {isa = PBXFileReference; lastKnownFileType = sourcecode.swift; path = AppDelegate.swift; sourceTree = "<group>"; };
		5A254ADC2082F04E00767CB7 /* ViewController.swift */ = {isa = PBXFileReference; lastKnownFileType = sourcecode.swift; path = ViewController.swift; sourceTree = "<group>"; };
		5A254ADF2082F04E00767CB7 /* Base */ = {isa = PBXFileReference; lastKnownFileType = file.storyboard; name = Base; path = Base.lproj/Main.storyboard; sourceTree = "<group>"; };
		5A254AE12082F04E00767CB7 /* Assets.xcassets */ = {isa = PBXFileReference; lastKnownFileType = folder.assetcatalog; path = Assets.xcassets; sourceTree = "<group>"; };
		5A254AE42082F04E00767CB7 /* Base */ = {isa = PBXFileReference; lastKnownFileType = file.storyboard; name = Base; path = Base.lproj/LaunchScreen.storyboard; sourceTree = "<group>"; };
		5A254AE62082F04E00767CB7 /* Info.plist */ = {isa = PBXFileReference; lastKnownFileType = text.plist.xml; path = Info.plist; sourceTree = "<group>"; };
		5A254AEB2082F04E00767CB7 /* share-timeTests.xctest */ = {isa = PBXFileReference; explicitFileType = wrapper.cfbundle; includeInIndex = 0; path = "share-timeTests.xctest"; sourceTree = BUILT_PRODUCTS_DIR; };
		5A254AEF2082F04E00767CB7 /* share_timeTests.swift */ = {isa = PBXFileReference; lastKnownFileType = sourcecode.swift; path = share_timeTests.swift; sourceTree = "<group>"; };
		5A254AF12082F04E00767CB7 /* Info.plist */ = {isa = PBXFileReference; lastKnownFileType = text.plist.xml; path = Info.plist; sourceTree = "<group>"; };
		5A254AF62082F04E00767CB7 /* share-timeUITests.xctest */ = {isa = PBXFileReference; explicitFileType = wrapper.cfbundle; includeInIndex = 0; path = "share-timeUITests.xctest"; sourceTree = BUILT_PRODUCTS_DIR; };
		5A254AFA2082F04E00767CB7 /* share_timeUITests.swift */ = {isa = PBXFileReference; lastKnownFileType = sourcecode.swift; path = share_timeUITests.swift; sourceTree = "<group>"; };
		5A254AFC2082F04E00767CB7 /* Info.plist */ = {isa = PBXFileReference; lastKnownFileType = text.plist.xml; path = Info.plist; sourceTree = "<group>"; };
/* End PBXFileReference section */

/* Begin PBXFrameworksBuildPhase section */
		5A254AD42082F04E00767CB7 /* Frameworks */ = {
			isa = PBXFrameworksBuildPhase;
			buildActionMask = 2147483647;
			files = (
			);
			runOnlyForDeploymentPostprocessing = 0;
		};
		5A254AE82082F04E00767CB7 /* Frameworks */ = {
			isa = PBXFrameworksBuildPhase;
			buildActionMask = 2147483647;
			files = (
			);
			runOnlyForDeploymentPostprocessing = 0;
		};
		5A254AF32082F04E00767CB7 /* Frameworks */ = {
			isa = PBXFrameworksBuildPhase;
			buildActionMask = 2147483647;
			files = (
			);
			runOnlyForDeploymentPostprocessing = 0;
		};
/* End PBXFrameworksBuildPhase section */

/* Begin PBXGroup section */
		5A254ACE2082F04E00767CB7 = {
			isa = PBXGroup;
			children = (
				5A254AD92082F04E00767CB7 /* share-time */,
				5A254AEE2082F04E00767CB7 /* share-timeTests */,
				5A254AF92082F04E00767CB7 /* share-timeUITests */,
				5A254AD82082F04E00767CB7 /* Products */,
			);
			sourceTree = "<group>";
		};
		5A254AD82082F04E00767CB7 /* Products */ = {
			isa = PBXGroup;
			children = (
				5A254AD72082F04E00767CB7 /* share-time.app */,
				5A254AEB2082F04E00767CB7 /* share-timeTests.xctest */,
				5A254AF62082F04E00767CB7 /* share-timeUITests.xctest */,
			);
			name = Products;
			sourceTree = "<group>";
		};
		5A254AD92082F04E00767CB7 /* share-time */ = {
			isa = PBXGroup;
			children = (
				5A254ADA2082F04E00767CB7 /* AppDelegate.swift */,
				5A254ADC2082F04E00767CB7 /* ViewController.swift */,
				5A254ADE2082F04E00767CB7 /* Main.storyboard */,
				5A254AE12082F04E00767CB7 /* Assets.xcassets */,
				5A254AE32082F04E00767CB7 /* LaunchScreen.storyboard */,
				5A254AE62082F04E00767CB7 /* Info.plist */,
			);
			path = "share-time";
			sourceTree = "<group>";
		};
		5A254AEE2082F04E00767CB7 /* share-timeTests */ = {
			isa = PBXGroup;
			children = (
				5A254AEF2082F04E00767CB7 /* share_timeTests.swift */,
				5A254AF12082F04E00767CB7 /* Info.plist */,
			);
			path = "share-timeTests";
			sourceTree = "<group>";
		};
		5A254AF92082F04E00767CB7 /* share-timeUITests */ = {
			isa = PBXGroup;
			children = (
				5A254AFA2082F04E00767CB7 /* share_timeUITests.swift */,
				5A254AFC2082F04E00767CB7 /* Info.plist */,
			);
			path = "share-timeUITests";
			sourceTree = "<group>";
		};
/* End PBXGroup section */

/* Begin PBXNativeTarget section */
		5A254AD62082F04E00767CB7 /* share-time */ = {
			isa = PBXNativeTarget;
			buildConfigurationList = 5A254AFF2082F04E00767CB7 /* Build configuration list for PBXNativeTarget "share-time" */;
			buildPhases = (
				5A254AD32082F04E00767CB7 /* Sources */,
				5A254AD42082F04E00767CB7 /* Frameworks */,
				5A254AD52082F04E00767CB7 /* Resources */,
			);
			buildRules = (
			);
			dependencies = (
			);
			name = "share-time";
			productName = "share-time";
			productReference = 5A254AD72082F04E00767CB7 /* share-time.app */;
			productType = "com.apple.product-type.application";
		};
		5A254AEA2082F04E00767CB7 /* share-timeTests */ = {
			isa = PBXNativeTarget;
			buildConfigurationList = 5A254B022082F04E00767CB7 /* Build configuration list for PBXNativeTarget "share-timeTests" */;
			buildPhases = (
				5A254AE72082F04E00767CB7 /* Sources */,
				5A254AE82082F04E00767CB7 /* Frameworks */,
				5A254AE92082F04E00767CB7 /* Resources */,
			);
			buildRules = (
			);
			dependencies = (
				5A254AED2082F04E00767CB7 /* PBXTargetDependency */,
			);
			name = "share-timeTests";
			productName = "share-timeTests";
			productReference = 5A254AEB2082F04E00767CB7 /* share-timeTests.xctest */;
			productType = "com.apple.product-type.bundle.unit-test";
		};
		5A254AF52082F04E00767CB7 /* share-timeUITests */ = {
			isa = PBXNativeTarget;
			buildConfigurationList = 5A254B052082F04E00767CB7 /* Build configuration list for PBXNativeTarget "share-timeUITests" */;
			buildPhases = (
				5A254AF22082F04E00767CB7 /* Sources */,
				5A254AF32082F04E00767CB7 /* Frameworks */,
				5A254AF42082F04E00767CB7 /* Resources */,
			);
			buildRules = (
			);
			dependencies = (
				5A254AF82082F04E00767CB7 /* PBXTargetDependency */,
			);
			name = "share-timeUITests";
			productName = "share-timeUITests";
			productReference = 5A254AF62082F04E00767CB7 /* share-timeUITests.xctest */;
			productType = "com.apple.product-type.bundle.ui-testing";
		};
/* End PBXNativeTarget section */

/* Begin PBXProject section */
		5A254ACF2082F04E00767CB7 /* Project object */ = {
			isa = PBXProject;
			attributes = {
				LastSwiftUpdateCheck = 0920;
				LastUpgradeCheck = 0920;
				ORGANIZATIONNAME = "share-time";
				TargetAttributes = {
					5A254AD62082F04E00767CB7 = {
						CreatedOnToolsVersion = 9.2;
						ProvisioningStyle = Automatic;
					};
					5A254AEA2082F04E00767CB7 = {
						CreatedOnToolsVersion = 9.2;
						ProvisioningStyle = Automatic;
						TestTargetID = 5A254AD62082F04E00767CB7;
					};
					5A254AF52082F04E00767CB7 = {
						CreatedOnToolsVersion = 9.2;
						ProvisioningStyle = Automatic;
						TestTargetID = 5A254AD62082F04E00767CB7;
					};
				};
			};
			buildConfigurationList = 5A254AD22082F04E00767CB7 /* Build configuration list for PBXProject "share-time" */;
			compatibilityVersion = "Xcode 8.0";
			developmentRegion = en;
			hasScannedForEncodings = 0;
			knownRegions = (
				en,
				Base,
			);
			mainGroup = 5A254ACE2082F04E00767CB7;
			productRefGroup = 5A254AD82082F04E00767CB7 /* Products */;
			projectDirPath = "";
			projectRoot = "";
			targets = (
				5A254AD62082F04E00767CB7 /* share-time */,
				5A254AEA2082F04E00767CB7 /* share-timeTests */,
				5A254AF52082F04E00767CB7 /* share-timeUITests */,
			);
		};
/* End PBXProject section */

/* Begin PBXResourcesBuildPhase section */
		5A254AD52082F04E00767CB7 /* Resources */ = {
			isa = PBXResourcesBuildPhase;
			buildActionMask = 2147483647;
			files = (
				5A254AE52082F04E00767CB7 /* LaunchScreen.storyboard in Resources */,
				5A254AE22082F04E00767CB7 /* Assets.xcassets in Resources */,
				5A254AE02082F04E00767CB7 /* Main.storyboard in Resources */,
			);
			runOnlyForDeploymentPostprocessing = 0;
		};
		5A254AE92082F04E00767CB7 /* Resources */ = {
			isa = PBXResourcesBuildPhase;
			buildActionMask = 2147483647;
			files = (
			);
			runOnlyForDeploymentPostprocessing = 0;
		};
		5A254AF42082F04E00767CB7 /* Resources */ = {
			isa = PBXResourcesBuildPhase;
			buildActionMask = 2147483647;
			files = (
			);
			runOnlyForDeploymentPostprocessing = 0;
		};
/* End PBXResourcesBuildPhase section */

/* Begin PBXSourcesBuildPhase section */
		5A254AD32082F04E00767CB7 /* Sources */ = {
			isa = PBXSourcesBuildPhase;
			buildActionMask = 2147483647;
			files = (
				5A254ADD2082F04E00767CB7 /* ViewController.swift in Sources */,
				5A254ADB2082F04E00767CB7 /* AppDelegate.swift in Sources */,
			);
			runOnlyForDeploymentPostprocessing = 0;
		};
		5A254AE72082F04E00767CB7 /* Sources */ = {
			isa = PBXSourcesBuildPhase;
			buildActionMask = 2147483647;
			files = (
				5A254AF02082F04E00767CB7 /* share_timeTests.swift in Sources */,
			);
			runOnlyForDeploymentPostprocessing = 0;
		};
		5A254AF22082F04E00767CB7 /* Sources */ = {
			isa = PBXSourcesBuildPhase;
			buildActionMask = 2147483647;
			files = (
				5A254AFB2082F04E00767CB7 /* share_timeUITests.swift in Sources */,
			);
			runOnlyForDeploymentPostprocessing = 0;
		};
/* End PBXSourcesBuildPhase section */

/* Begin PBXTargetDependency section */
		5A254AED2082F04E00767CB7 /* PBXTargetDependency */ = {
			isa = PBXTargetDependency;
			target = 5A254AD62082F04E00767CB7 /* share-time */;
			targetProxy = 5A254AEC2082F04E00767CB7 /* PBXContainerItemProxy */;
		};
		5A254AF82082F04E00767CB7 /* PBXTargetDependency */ = {
			isa = PBXTargetDependency;
			target = 5A254AD62082F04E00767CB7 /* share-time */;
			targetProxy = 5A254AF72082F04E00767CB7 /* PBXContainerItemProxy */;
		};
/* End PBXTargetDependency section */

/* Begin PBXVariantGroup section */
		5A254ADE2082F04E00767CB7 /* Main.storyboard */ = {
			isa = PBXVariantGroup;
			children = (
				5A254ADF2082F04E00767CB7 /* Base */,
			);
			name = Main.storyboard;
			sourceTree = "<group>";
		};
		5A254AE32082F04E00767CB7 /* LaunchScreen.storyboard */ = {
			isa = PBXVariantGroup;
			children = (
				5A254AE42082F04E00767CB7 /* Base */,
			);
			name = LaunchScreen.storyboard;
			sourceTree = "<group>";
		};
/* End PBXVariantGroup section */

/* Begin XCBuildConfiguration section */
		5A254AFD2082F04E00767CB7 /* Debug */ = {
			isa = XCBuildConfiguration;
			buildSettings = {
				ALWAYS_SEARCH_USER_PATHS = NO;
				CLANG_ANALYZER_NONNULL = YES;
				CLANG_ANALYZER_NUMBER_OBJECT_CONVERSION = YES_AGGRESSIVE;
				CLANG_CXX_LANGUAGE_STANDARD = "gnu++14";
				CLANG_CXX_LIBRARY = "libc++";
				CLANG_ENABLE_MODULES = YES;
				CLANG_ENABLE_OBJC_ARC = YES;
				CLANG_WARN_BLOCK_CAPTURE_AUTORELEASING = YES;
				CLANG_WARN_BOOL_CONVERSION = YES;
				CLANG_WARN_COMMA = YES;
				CLANG_WARN_CONSTANT_CONVERSION = YES;
				CLANG_WARN_DIRECT_OBJC_ISA_USAGE = YES_ERROR;
				CLANG_WARN_DOCUMENTATION_COMMENTS = YES;
				CLANG_WARN_EMPTY_BODY = YES;
				CLANG_WARN_ENUM_CONVERSION = YES;
				CLANG_WARN_INFINITE_RECURSION = YES;
				CLANG_WARN_INT_CONVERSION = YES;
				CLANG_WARN_NON_LITERAL_NULL_CONVERSION = YES;
				CLANG_WARN_OBJC_LITERAL_CONVERSION = YES;
				CLANG_WARN_OBJC_ROOT_CLASS = YES_ERROR;
				CLANG_WARN_RANGE_LOOP_ANALYSIS = YES;
				CLANG_WARN_STRICT_PROTOTYPES = YES;
				CLANG_WARN_SUSPICIOUS_MOVE = YES;
				CLANG_WARN_UNGUARDED_AVAILABILITY = YES_AGGRESSIVE;
				CLANG_WARN_UNREACHABLE_CODE = YES;
				CLANG_WARN__DUPLICATE_METHOD_MATCH = YES;
				CODE_SIGN_IDENTITY = "iPhone Developer";
				COPY_PHASE_STRIP = NO;
				DEBUG_INFORMATION_FORMAT = dwarf;
				ENABLE_STRICT_OBJC_MSGSEND = YES;
				ENABLE_TESTABILITY = YES;
				GCC_C_LANGUAGE_STANDARD = gnu11;
				GCC_DYNAMIC_NO_PIC = NO;
				GCC_NO_COMMON_BLOCKS = YES;
				GCC_OPTIMIZATION_LEVEL = 0;
				GCC_PREPROCESSOR_DEFINITIONS = (
					"DEBUG=1",
					"$(inherited)",
				);
				GCC_WARN_64_TO_32_BIT_CONVERSION = YES;
				GCC_WARN_ABOUT_RETURN_TYPE = YES_ERROR;
				GCC_WARN_UNDECLARED_SELECTOR = YES;
				GCC_WARN_UNINITIALIZED_AUTOS = YES_AGGRESSIVE;
				GCC_WARN_UNUSED_FUNCTION = YES;
				GCC_WARN_UNUSED_VARIABLE = YES;
				IPHONEOS_DEPLOYMENT_TARGET = 11.2;
				MTL_ENABLE_DEBUG_INFO = YES;
				ONLY_ACTIVE_ARCH = YES;
				SDKROOT = iphoneos;
				SWIFT_ACTIVE_COMPILATION_CONDITIONS = DEBUG;
				SWIFT_OPTIMIZATION_LEVEL = "-Onone";
			};
			name = Debug;
		};
		5A254AFE2082F04E00767CB7 /* Release */ = {
			isa = XCBuildConfiguration;
			buildSettings = {
				ALWAYS_SEARCH_USER_PATHS = NO;
				CLANG_ANALYZER_NONNULL = YES;
				CLANG_ANALYZER_NUMBER_OBJECT_CONVERSION = YES_AGGRESSIVE;
				CLANG_CXX_LANGUAGE_STANDARD = "gnu++14";
				CLANG_CXX_LIBRARY = "libc++";
				CLANG_ENABLE_MODULES = YES;
				CLANG_ENABLE_OBJC_ARC = YES;
				CLANG_WARN_BLOCK_CAPTURE_AUTORELEASING = YES;
				CLANG_WARN_BOOL_CONVERSION = YES;
				CLANG_WARN_COMMA = YES;
				CLANG_WARN_CONSTANT_CONVERSION = YES;
				CLANG_WARN_DIRECT_OBJC_ISA_USAGE = YES_ERROR;
				CLANG_WARN_DOCUMENTATION_COMMENTS = YES;
				CLANG_WARN_EMPTY_BODY = YES;
				CLANG_WARN_ENUM_CONVERSION = YES;
				CLANG_WARN_INFINITE_RECURSION = YES;
				CLANG_WARN_INT_CONVERSION = YES;
				CLANG_WARN_NON_LITERAL_NULL_CONVERSION = YES;
				CLANG_WARN_OBJC_LITERAL_CONVERSION = YES;
				CLANG_WARN_OBJC_ROOT_CLASS = YES_ERROR;
				CLANG_WARN_RANGE_LOOP_ANALYSIS = YES;
				CLANG_WARN_STRICT_PROTOTYPES = YES;
				CLANG_WARN_SUSPICIOUS_MOVE = YES;
				CLANG_WARN_UNGUARDED_AVAILABILITY = YES_AGGRESSIVE;
				CLANG_WARN_UNREACHABLE_CODE = YES;
				CLANG_WARN__DUPLICATE_METHOD_MATCH = YES;
				CODE_SIGN_IDENTITY = "iPhone Developer";
				COPY_PHASE_STRIP = NO;
				DEBUG_INFORMATION_FORMAT = "dwarf-with-dsym";
				ENABLE_NS_ASSERTIONS = NO;
				ENABLE_STRICT_OBJC_MSGSEND = YES;
				GCC_C_LANGUAGE_STANDARD = gnu11;
				GCC_NO_COMMON_BLOCKS = YES;
				GCC_WARN_64_TO_32_BIT_CONVERSION = YES;
				GCC_WARN_ABOUT_RETURN_TYPE = YES_ERROR;
				GCC_WARN_UNDECLARED_SELECTOR = YES;
				GCC_WARN_UNINITIALIZED_AUTOS = YES_AGGRESSIVE;
				GCC_WARN_UNUSED_FUNCTION = YES;
				GCC_WARN_UNUSED_VARIABLE = YES;
				IPHONEOS_DEPLOYMENT_TARGET = 11.2;
				MTL_ENABLE_DEBUG_INFO = NO;
				SDKROOT = iphoneos;
				SWIFT_OPTIMIZATION_LEVEL = "-Owholemodule";
				VALIDATE_PRODUCT = YES;
			};
			name = Release;
		};
		5A254B002082F04E00767CB7 /* Debug */ = {
			isa = XCBuildConfiguration;
			buildSettings = {
				ASSETCATALOG_COMPILER_APPICON_NAME = AppIcon;
				CODE_SIGN_STYLE = Automatic;
				INFOPLIST_FILE = "share-time/Info.plist";
				LD_RUNPATH_SEARCH_PATHS = "$(inherited) @executable_path/Frameworks";
				PRODUCT_BUNDLE_IDENTIFIER = "com.share-time";
				PRODUCT_NAME = "$(TARGET_NAME)";
				SWIFT_VERSION = 4.0;
				TARGETED_DEVICE_FAMILY = "1,2";
			};
			name = Debug;
		};
		5A254B012082F04E00767CB7 /* Release */ = {
			isa = XCBuildConfiguration;
			buildSettings = {
				ASSETCATALOG_COMPILER_APPICON_NAME = AppIcon;
				CODE_SIGN_STYLE = Automatic;
				INFOPLIST_FILE = "share-time/Info.plist";
				LD_RUNPATH_SEARCH_PATHS = "$(inherited) @executable_path/Frameworks";
				PRODUCT_BUNDLE_IDENTIFIER = "com.share-time";
				PRODUCT_NAME = "$(TARGET_NAME)";
				SWIFT_VERSION = 4.0;
				TARGETED_DEVICE_FAMILY = "1,2";
			};
			name = Release;
		};
		5A254B032082F04E00767CB7 /* Debug */ = {
			isa = XCBuildConfiguration;
			buildSettings = {
				ALWAYS_EMBED_SWIFT_STANDARD_LIBRARIES = YES;
				BUNDLE_LOADER = "$(TEST_HOST)";
				CODE_SIGN_STYLE = Automatic;
				INFOPLIST_FILE = "share-timeTests/Info.plist";
				LD_RUNPATH_SEARCH_PATHS = "$(inherited) @executable_path/Frameworks @loader_path/Frameworks";
				PRODUCT_BUNDLE_IDENTIFIER = "com.share-timeTests";
				PRODUCT_NAME = "$(TARGET_NAME)";
				SWIFT_VERSION = 4.0;
				TARGETED_DEVICE_FAMILY = "1,2";
				TEST_HOST = "$(BUILT_PRODUCTS_DIR)/share-time.app/share-time";
			};
			name = Debug;
		};
		5A254B042082F04E00767CB7 /* Release */ = {
			isa = XCBuildConfiguration;
			buildSettings = {
				ALWAYS_EMBED_SWIFT_STANDARD_LIBRARIES = YES;
				BUNDLE_LOADER = "$(TEST_HOST)";
				CODE_SIGN_STYLE = Automatic;
				INFOPLIST_FILE = "share-timeTests/Info.plist";
				LD_RUNPATH_SEARCH_PATHS = "$(inherited) @executable_path/Frameworks @loader_path/Frameworks";
				PRODUCT_BUNDLE_IDENTIFIER = "com.share-timeTests";
				PRODUCT_NAME = "$(TARGET_NAME)";
				SWIFT_VERSION = 4.0;
				TARGETED_DEVICE_FAMILY = "1,2";
				TEST_HOST = "$(BUILT_PRODUCTS_DIR)/share-time.app/share-time";
			};
			name = Release;
		};
		5A254B062082F04E00767CB7 /* Debug */ = {
			isa = XCBuildConfiguration;
			buildSettings = {
				ALWAYS_EMBED_SWIFT_STANDARD_LIBRARIES = YES;
				CODE_SIGN_STYLE = Automatic;
				INFOPLIST_FILE = "share-timeUITests/Info.plist";
				LD_RUNPATH_SEARCH_PATHS = "$(inherited) @executable_path/Frameworks @loader_path/Frameworks";
				PRODUCT_BUNDLE_IDENTIFIER = "com.share-timeUITests";
				PRODUCT_NAME = "$(TARGET_NAME)";
				SWIFT_VERSION = 4.0;
				TARGETED_DEVICE_FAMILY = "1,2";
				TEST_TARGET_NAME = "share-time";
			};
			name = Debug;
		};
		5A254B072082F04E00767CB7 /* Release */ = {
			isa = XCBuildConfiguration;
			buildSettings = {
				ALWAYS_EMBED_SWIFT_STANDARD_LIBRARIES = YES;
				CODE_SIGN_STYLE = Automatic;
				INFOPLIST_FILE = "share-timeUITests/Info.plist";
				LD_RUNPATH_SEARCH_PATHS = "$(inherited) @executable_path/Frameworks @loader_path/Frameworks";
				PRODUCT_BUNDLE_IDENTIFIER = "com.share-timeUITests";
				PRODUCT_NAME = "$(TARGET_NAME)";
				SWIFT_VERSION = 4.0;
				TARGETED_DEVICE_FAMILY = "1,2";
				TEST_TARGET_NAME = "share-time";
			};
			name = Release;
		};
/* End XCBuildConfiguration section */

/* Begin XCConfigurationList section */
		5A254AD22082F04E00767CB7 /* Build configuration list for PBXProject "share-time" */ = {
			isa = XCConfigurationList;
			buildConfigurations = (
				5A254AFD2082F04E00767CB7 /* Debug */,
				5A254AFE2082F04E00767CB7 /* Release */,
			);
			defaultConfigurationIsVisible = 0;
			defaultConfigurationName = Release;
		};
		5A254AFF2082F04E00767CB7 /* Build configuration list for PBXNativeTarget "share-time" */ = {
			isa = XCConfigurationList;
			buildConfigurations = (
				5A254B002082F04E00767CB7 /* Debug */,
				5A254B012082F04E00767CB7 /* Release */,
			);
			defaultConfigurationIsVisible = 0;
			defaultConfigurationName = Release;
		};
		5A254B022082F04E00767CB7 /* Build configuration list for PBXNativeTarget "share-timeTests" */ = {
			isa = XCConfigurationList;
			buildConfigurations = (
				5A254B032082F04E00767CB7 /* Debug */,
				5A254B042082F04E00767CB7 /* Release */,
			);
			defaultConfigurationIsVisible = 0;
			defaultConfigurationName = Release;
		};
		5A254B052082F04E00767CB7 /* Build configuration list for PBXNativeTarget "share-timeUITests" */ = {
			isa = XCConfigurationList;
			buildConfigurations = (
				5A254B062082F04E00767CB7 /* Debug */,
				5A254B072082F04E00767CB7 /* Release */,
			);
			defaultConfigurationIsVisible = 0;
			defaultConfigurationName = Release;
		};
/* End XCConfigurationList section */
	};
	rootObject = 5A254ACF2082F04E00767CB7 /* Project object */;
}
