// !$*UTF8*$!
{
	archiveVersion = 1;
	classes = {
	};
	objectVersion = 48;
	objects = {

/* Begin PBXBuildFile section */
		4E1DAE25259F11E514246437 /* Pods_share_time.framework in Frameworks */ = {isa = PBXBuildFile; fileRef = DB0B32FD4E359D86F70E22A2 /* Pods_share_time.framework */; };
		5A0CC9C920A954D3002E6F9F /* PageViewController.swift in Sources */ = {isa = PBXBuildFile; fileRef = 5A0CC9C820A954D3002E6F9F /* PageViewController.swift */; };
		5A0CC9CC20A95ADF002E6F9F /* BlobViewController.swift in Sources */ = {isa = PBXBuildFile; fileRef = 5A0CC9CB20A95ADF002E6F9F /* BlobViewController.swift */; };
		5A142AF0209A99DD003FF5C7 /* Helper.swift in Sources */ = {isa = PBXBuildFile; fileRef = 5A142AEF209A99DD003FF5C7 /* Helper.swift */; };
		5A254ADB2082F04E00767CB7 /* AppDelegate.swift in Sources */ = {isa = PBXBuildFile; fileRef = 5A254ADA2082F04E00767CB7 /* AppDelegate.swift */; };
		5A254AE02082F04E00767CB7 /* Main.storyboard in Resources */ = {isa = PBXBuildFile; fileRef = 5A254ADE2082F04E00767CB7 /* Main.storyboard */; };
		5A254AE22082F04E00767CB7 /* Assets.xcassets in Resources */ = {isa = PBXBuildFile; fileRef = 5A254AE12082F04E00767CB7 /* Assets.xcassets */; };
		5A254AE52082F04E00767CB7 /* LaunchScreen.storyboard in Resources */ = {isa = PBXBuildFile; fileRef = 5A254AE32082F04E00767CB7 /* LaunchScreen.storyboard */; };
		5A254AF02082F04E00767CB7 /* share_timeTests.swift in Sources */ = {isa = PBXBuildFile; fileRef = 5A254AEF2082F04E00767CB7 /* share_timeTests.swift */; };
		5A254AFB2082F04E00767CB7 /* share_timeUITests.swift in Sources */ = {isa = PBXBuildFile; fileRef = 5A254AFA2082F04E00767CB7 /* share_timeUITests.swift */; };
		5A2CA82D20B4E0EF00AD1CD5 /* Color.swift in Sources */ = {isa = PBXBuildFile; fileRef = 5A2CA82C20B4E0EF00AD1CD5 /* Color.swift */; };
		5A2D1ADE20B15398007B7088 /* HPTimer.swift in Sources */ = {isa = PBXBuildFile; fileRef = 5A2D1ADD20B15398007B7088 /* HPTimer.swift */; };
		5A2F10CE209DC707007A0A4C /* ChangePasswordViewController.swift in Sources */ = {isa = PBXBuildFile; fileRef = 5A2F10CD209DC707007A0A4C /* ChangePasswordViewController.swift */; };
		5A372707209DF26000EFE1F4 /* UserCell.swift in Sources */ = {isa = PBXBuildFile; fileRef = 5A372706209DF26000EFE1F4 /* UserCell.swift */; };
		5A7D516220B181CD00D69ECD /* TabViewController.swift in Sources */ = {isa = PBXBuildFile; fileRef = 5A7D516120B181CD00D69ECD /* TabViewController.swift */; };
		5A7D516620B1880500D69ECD /* PresetAppearanceConfigs.swift in Sources */ = {isa = PBXBuildFile; fileRef = 5A7D516520B1880500D69ECD /* PresetAppearanceConfigs.swift */; };
		5A8B072420AAED5700755718 /* QRScannerViewController.swift in Sources */ = {isa = PBXBuildFile; fileRef = 5A8B072320AAED5700755718 /* QRScannerViewController.swift */; };
		5A8FF2BF20859C02004957DE /* PublicStudyGroupCell.swift in Sources */ = {isa = PBXBuildFile; fileRef = 5A8FF2BE20859C02004957DE /* PublicStudyGroupCell.swift */; };
		5AA6C68F20AAE88900F86C92 /* QRViewController.swift in Sources */ = {isa = PBXBuildFile; fileRef = 5AA6C68E20AAE88900F86C92 /* QRViewController.swift */; };
		5AA6EE7020A7CCDC0081B5EB /* StudyingViewController.swift in Sources */ = {isa = PBXBuildFile; fileRef = 5AA6EE6F20A7CCDC0081B5EB /* StudyingViewController.swift */; };
		5AC3439D20B5209700EDF3C7 /* ProfileTableViewController.swift in Sources */ = {isa = PBXBuildFile; fileRef = 5AC3439C20B5209700EDF3C7 /* ProfileTableViewController.swift */; };
		5AE16BD620B44318003FF497 /* ChangeStudyHoursViewController.swift in Sources */ = {isa = PBXBuildFile; fileRef = 5AE16BD520B44318003FF497 /* ChangeStudyHoursViewController.swift */; };
		5AE258F720B2EBA30040866D /* FindGroupViewController.swift in Sources */ = {isa = PBXBuildFile; fileRef = 5AE258F620B2EBA30040866D /* FindGroupViewController.swift */; };
		5AEE747920915F70006A2689 /* StudyGroup.swift in Sources */ = {isa = PBXBuildFile; fileRef = 5AEE747820915F70006A2689 /* StudyGroup.swift */; };
		5AEE747B209162B7006A2689 /* Course.swift in Sources */ = {isa = PBXBuildFile; fileRef = 5AEE747A209162B7006A2689 /* Course.swift */; };
		5AFE25A62082F4FE00EED7F9 /* LoginViewController.swift in Sources */ = {isa = PBXBuildFile; fileRef = 5AFE25A52082F4FE00EED7F9 /* LoginViewController.swift */; };
		5AFE25A82082F5E900EED7F9 /* FindClassViewController.swift in Sources */ = {isa = PBXBuildFile; fileRef = 5AFE25A72082F5E900EED7F9 /* FindClassViewController.swift */; };
		5AFE25AA2082F68100EED7F9 /* ClassDetailViewController.swift in Sources */ = {isa = PBXBuildFile; fileRef = 5AFE25A92082F68100EED7F9 /* ClassDetailViewController.swift */; };
		5AFE25AC2082F79C00EED7F9 /* AddStudyGroupViewController.swift in Sources */ = {isa = PBXBuildFile; fileRef = 5AFE25AB2082F79C00EED7F9 /* AddStudyGroupViewController.swift */; };
		705BAB41209808DC0047F91D /* ProfileViewController.swift in Sources */ = {isa = PBXBuildFile; fileRef = 705BAB40209808DC0047F91D /* ProfileViewController.swift */; };
		709FAEAA20B1665A00FA1C6B /* defaultBlob.gif in Resources */ = {isa = PBXBuildFile; fileRef = 709FAEA920B1665A00FA1C6B /* defaultBlob.gif */; };
		70CE5AD6208300810023F3D7 /* MainPageViewController.swift in Sources */ = {isa = PBXBuildFile; fileRef = 70CE5AD5208300810023F3D7 /* MainPageViewController.swift */; };
		70CE5AD8208309300023F3D7 /* StudyGroupCell.swift in Sources */ = {isa = PBXBuildFile; fileRef = 70CE5AD7208309300023F3D7 /* StudyGroupCell.swift */; };
		70CE5ADA20830A2F0023F3D7 /* ChatViewController.swift in Sources */ = {isa = PBXBuildFile; fileRef = 70CE5AD920830A2F0023F3D7 /* ChatViewController.swift */; };
		70CE5ADC20830B6E0023F3D7 /* ChatCell.swift in Sources */ = {isa = PBXBuildFile; fileRef = 70CE5ADB20830B6E0023F3D7 /* ChatCell.swift */; };
		70CE5ADF20830EEB0023F3D7 /* ClassCell.swift in Sources */ = {isa = PBXBuildFile; fileRef = 70CE5ADE20830EEB0023F3D7 /* ClassCell.swift */; };
		70F23BDD209F8526009E7598 /* GroupInfoViewController.swift in Sources */ = {isa = PBXBuildFile; fileRef = 70F23BDC209F8526009E7598 /* GroupInfoViewController.swift */; };
		70F23BDF209F88A6009E7598 /* MemberCell.swift in Sources */ = {isa = PBXBuildFile; fileRef = 70F23BDE209F88A6009E7598 /* MemberCell.swift */; };
		9C5B2CFC14D21876B393D021 /* Pods_share_timeUITests.framework in Frameworks */ = {isa = PBXBuildFile; fileRef = B66399DE5602F7E34C871587 /* Pods_share_timeUITests.framework */; };
		C2F27EF9AFB11FFEE3BC3B96 /* Pods_share_timeTests.framework in Frameworks */ = {isa = PBXBuildFile; fileRef = C0516E5E82CDECB8882F6A59 /* Pods_share_timeTests.framework */; };
		C68E4B852083178F0073F695 /* SignUpViewController.swift in Sources */ = {isa = PBXBuildFile; fileRef = C68E4B842083178F0073F695 /* SignUpViewController.swift */; };
/* End PBXBuildFile section */

/* Begin PBXContainerItemProxy section */
		5A254AEC2082F04E00767CB7 /* PBXContainerItemProxy */ = {
			isa = PBXContainerItemProxy;
			containerPortal = 5A254ACF2082F04E00767CB7 /* Project object */;
			proxyType = 1;
			remoteGlobalIDString = 5A254AD62082F04E00767CB7;
			remoteInfo = "share-time";
		};
		5A254AF72082F04E00767CB7 /* PBXContainerItemProxy */ = {
			isa = PBXContainerItemProxy;
			containerPortal = 5A254ACF2082F04E00767CB7 /* Project object */;
			proxyType = 1;
			remoteGlobalIDString = 5A254AD62082F04E00767CB7;
			remoteInfo = "share-time";
		};
/* End PBXContainerItemProxy section */

/* Begin PBXFileReference section */
		1D584195F00E2A4D3C99DAFB /* Pods-share-timeUITests.debug.xcconfig */ = {isa = PBXFileReference; includeInIndex = 1; lastKnownFileType = text.xcconfig; name = "Pods-share-timeUITests.debug.xcconfig"; path = "Pods/Target Support Files/Pods-share-timeUITests/Pods-share-timeUITests.debug.xcconfig"; sourceTree = "<group>"; };
		5A0CC9C820A954D3002E6F9F /* PageViewController.swift */ = {isa = PBXFileReference; lastKnownFileType = sourcecode.swift; path = PageViewController.swift; sourceTree = "<group>"; };
		5A0CC9CB20A95ADF002E6F9F /* BlobViewController.swift */ = {isa = PBXFileReference; lastKnownFileType = sourcecode.swift; path = BlobViewController.swift; sourceTree = "<group>"; };
		5A142AEF209A99DD003FF5C7 /* Helper.swift */ = {isa = PBXFileReference; lastKnownFileType = sourcecode.swift; path = Helper.swift; sourceTree = "<group>"; };
		5A254AD72082F04E00767CB7 /* share-time.app */ = {isa = PBXFileReference; explicitFileType = wrapper.application; includeInIndex = 0; path = "share-time.app"; sourceTree = BUILT_PRODUCTS_DIR; };
		5A254ADA2082F04E00767CB7 /* AppDelegate.swift */ = {isa = PBXFileReference; lastKnownFileType = sourcecode.swift; path = AppDelegate.swift; sourceTree = "<group>"; };
		5A254ADF2082F04E00767CB7 /* Base */ = {isa = PBXFileReference; lastKnownFileType = file.storyboard; name = Base; path = Base.lproj/Main.storyboard; sourceTree = "<group>"; };
		5A254AE12082F04E00767CB7 /* Assets.xcassets */ = {isa = PBXFileReference; lastKnownFileType = folder.assetcatalog; path = Assets.xcassets; sourceTree = "<group>"; };
		5A254AE42082F04E00767CB7 /* Base */ = {isa = PBXFileReference; lastKnownFileType = file.storyboard; name = Base; path = Base.lproj/LaunchScreen.storyboard; sourceTree = "<group>"; };
		5A254AE62082F04E00767CB7 /* Info.plist */ = {isa = PBXFileReference; lastKnownFileType = text.plist.xml; path = Info.plist; sourceTree = "<group>"; };
		5A254AEB2082F04E00767CB7 /* share-timeTests.xctest */ = {isa = PBXFileReference; explicitFileType = wrapper.cfbundle; includeInIndex = 0; path = "share-timeTests.xctest"; sourceTree = BUILT_PRODUCTS_DIR; };
		5A254AEF2082F04E00767CB7 /* share_timeTests.swift */ = {isa = PBXFileReference; lastKnownFileType = sourcecode.swift; path = share_timeTests.swift; sourceTree = "<group>"; };
		5A254AF12082F04E00767CB7 /* Info.plist */ = {isa = PBXFileReference; lastKnownFileType = text.plist.xml; path = Info.plist; sourceTree = "<group>"; };
		5A254AF62082F04E00767CB7 /* share-timeUITests.xctest */ = {isa = PBXFileReference; explicitFileType = wrapper.cfbundle; includeInIndex = 0; path = "share-timeUITests.xctest"; sourceTree = BUILT_PRODUCTS_DIR; };
		5A254AFA2082F04E00767CB7 /* share_timeUITests.swift */ = {isa = PBXFileReference; lastKnownFileType = sourcecode.swift; path = share_timeUITests.swift; sourceTree = "<group>"; };
		5A254AFC2082F04E00767CB7 /* Info.plist */ = {isa = PBXFileReference; lastKnownFileType = text.plist.xml; path = Info.plist; sourceTree = "<group>"; };
		5A2CA82C20B4E0EF00AD1CD5 /* Color.swift */ = {isa = PBXFileReference; lastKnownFileType = sourcecode.swift; path = Color.swift; sourceTree = "<group>"; };
		5A2D1ADD20B15398007B7088 /* HPTimer.swift */ = {isa = PBXFileReference; lastKnownFileType = sourcecode.swift; path = HPTimer.swift; sourceTree = "<group>"; };
		5A2F10CD209DC707007A0A4C /* ChangePasswordViewController.swift */ = {isa = PBXFileReference; fileEncoding = 4; lastKnownFileType = sourcecode.swift; path = ChangePasswordViewController.swift; sourceTree = "<group>"; };
		5A372706209DF26000EFE1F4 /* UserCell.swift */ = {isa = PBXFileReference; lastKnownFileType = sourcecode.swift; path = UserCell.swift; sourceTree = "<group>"; };
		5A7D516120B181CD00D69ECD /* TabViewController.swift */ = {isa = PBXFileReference; lastKnownFileType = sourcecode.swift; path = TabViewController.swift; sourceTree = "<group>"; };
		5A7D516520B1880500D69ECD /* PresetAppearanceConfigs.swift */ = {isa = PBXFileReference; lastKnownFileType = sourcecode.swift; path = PresetAppearanceConfigs.swift; sourceTree = "<group>"; };
		5A8B072320AAED5700755718 /* QRScannerViewController.swift */ = {isa = PBXFileReference; lastKnownFileType = sourcecode.swift; path = QRScannerViewController.swift; sourceTree = "<group>"; };
		5A8FF2BE20859C02004957DE /* PublicStudyGroupCell.swift */ = {isa = PBXFileReference; lastKnownFileType = sourcecode.swift; path = PublicStudyGroupCell.swift; sourceTree = "<group>"; };
		5AA6C68E20AAE88900F86C92 /* QRViewController.swift */ = {isa = PBXFileReference; lastKnownFileType = sourcecode.swift; path = QRViewController.swift; sourceTree = "<group>"; };
		5AA6EE6F20A7CCDC0081B5EB /* StudyingViewController.swift */ = {isa = PBXFileReference; lastKnownFileType = sourcecode.swift; path = StudyingViewController.swift; sourceTree = "<group>"; };
		5AC3439C20B5209700EDF3C7 /* ProfileTableViewController.swift */ = {isa = PBXFileReference; lastKnownFileType = sourcecode.swift; path = ProfileTableViewController.swift; sourceTree = "<group>"; };
		5AE16BD520B44318003FF497 /* ChangeStudyHoursViewController.swift */ = {isa = PBXFileReference; lastKnownFileType = sourcecode.swift; path = ChangeStudyHoursViewController.swift; sourceTree = "<group>"; };
		5AE258F620B2EBA30040866D /* FindGroupViewController.swift */ = {isa = PBXFileReference; lastKnownFileType = sourcecode.swift; path = FindGroupViewController.swift; sourceTree = "<group>"; };
		5AEE747820915F70006A2689 /* StudyGroup.swift */ = {isa = PBXFileReference; lastKnownFileType = sourcecode.swift; name = StudyGroup.swift; path = "share-time/StudyGroup.swift"; sourceTree = SOURCE_ROOT; };
		5AEE747A209162B7006A2689 /* Course.swift */ = {isa = PBXFileReference; lastKnownFileType = sourcecode.swift; name = Course.swift; path = "share-time/Course.swift"; sourceTree = SOURCE_ROOT; };
		5AFE25A52082F4FE00EED7F9 /* LoginViewController.swift */ = {isa = PBXFileReference; lastKnownFileType = sourcecode.swift; path = LoginViewController.swift; sourceTree = "<group>"; };
		5AFE25A72082F5E900EED7F9 /* FindClassViewController.swift */ = {isa = PBXFileReference; lastKnownFileType = sourcecode.swift; path = FindClassViewController.swift; sourceTree = "<group>"; };
		5AFE25A92082F68100EED7F9 /* ClassDetailViewController.swift */ = {isa = PBXFileReference; lastKnownFileType = sourcecode.swift; path = ClassDetailViewController.swift; sourceTree = "<group>"; };
		5AFE25AB2082F79C00EED7F9 /* AddStudyGroupViewController.swift */ = {isa = PBXFileReference; lastKnownFileType = sourcecode.swift; path = AddStudyGroupViewController.swift; sourceTree = "<group>"; };
		5C5482A52A6A5B9A661E81D7 /* Pods-share-time.release.xcconfig */ = {isa = PBXFileReference; includeInIndex = 1; lastKnownFileType = text.xcconfig; name = "Pods-share-time.release.xcconfig"; path = "Pods/Target Support Files/Pods-share-time/Pods-share-time.release.xcconfig"; sourceTree = "<group>"; };
		67513358329D0E17CC4439B8 /* Pods-share-timeTests.release.xcconfig */ = {isa = PBXFileReference; includeInIndex = 1; lastKnownFileType = text.xcconfig; name = "Pods-share-timeTests.release.xcconfig"; path = "Pods/Target Support Files/Pods-share-timeTests/Pods-share-timeTests.release.xcconfig"; sourceTree = "<group>"; };
		69D4E1F4917B9F8942861F63 /* Pods-share-timeUITests.release.xcconfig */ = {isa = PBXFileReference; includeInIndex = 1; lastKnownFileType = text.xcconfig; name = "Pods-share-timeUITests.release.xcconfig"; path = "Pods/Target Support Files/Pods-share-timeUITests/Pods-share-timeUITests.release.xcconfig"; sourceTree = "<group>"; };
		705BAB40209808DC0047F91D /* ProfileViewController.swift */ = {isa = PBXFileReference; lastKnownFileType = sourcecode.swift; path = ProfileViewController.swift; sourceTree = "<group>"; };
		709FAEA920B1665A00FA1C6B /* defaultBlob.gif */ = {isa = PBXFileReference; lastKnownFileType = image.gif; path = defaultBlob.gif; sourceTree = SOURCE_ROOT; };
		70CE5AD5208300810023F3D7 /* MainPageViewController.swift */ = {isa = PBXFileReference; lastKnownFileType = sourcecode.swift; path = MainPageViewController.swift; sourceTree = "<group>"; };
		70CE5AD7208309300023F3D7 /* StudyGroupCell.swift */ = {isa = PBXFileReference; lastKnownFileType = sourcecode.swift; path = StudyGroupCell.swift; sourceTree = "<group>"; };
		70CE5AD920830A2F0023F3D7 /* ChatViewController.swift */ = {isa = PBXFileReference; lastKnownFileType = sourcecode.swift; path = ChatViewController.swift; sourceTree = "<group>"; };
		70CE5ADB20830B6E0023F3D7 /* ChatCell.swift */ = {isa = PBXFileReference; lastKnownFileType = sourcecode.swift; path = ChatCell.swift; sourceTree = "<group>"; };
		70CE5ADE20830EEB0023F3D7 /* ClassCell.swift */ = {isa = PBXFileReference; lastKnownFileType = sourcecode.swift; path = ClassCell.swift; sourceTree = "<group>"; };
		70F23BDC209F8526009E7598 /* GroupInfoViewController.swift */ = {isa = PBXFileReference; lastKnownFileType = sourcecode.swift; path = GroupInfoViewController.swift; sourceTree = "<group>"; };
		70F23BDE209F88A6009E7598 /* MemberCell.swift */ = {isa = PBXFileReference; lastKnownFileType = sourcecode.swift; path = MemberCell.swift; sourceTree = "<group>"; };
		7D5F04D6D9C88821909F4745 /* Pods-share-timeTests.debug.xcconfig */ = {isa = PBXFileReference; includeInIndex = 1; lastKnownFileType = text.xcconfig; name = "Pods-share-timeTests.debug.xcconfig"; path = "Pods/Target Support Files/Pods-share-timeTests/Pods-share-timeTests.debug.xcconfig"; sourceTree = "<group>"; };
		B66399DE5602F7E34C871587 /* Pods_share_timeUITests.framework */ = {isa = PBXFileReference; explicitFileType = wrapper.framework; includeInIndex = 0; path = Pods_share_timeUITests.framework; sourceTree = BUILT_PRODUCTS_DIR; };
		C0516E5E82CDECB8882F6A59 /* Pods_share_timeTests.framework */ = {isa = PBXFileReference; explicitFileType = wrapper.framework; includeInIndex = 0; path = Pods_share_timeTests.framework; sourceTree = BUILT_PRODUCTS_DIR; };
		C3C42CF6DA0392FD0C771A9F /* Pods-share-time.debug.xcconfig */ = {isa = PBXFileReference; includeInIndex = 1; lastKnownFileType = text.xcconfig; name = "Pods-share-time.debug.xcconfig"; path = "Pods/Target Support Files/Pods-share-time/Pods-share-time.debug.xcconfig"; sourceTree = "<group>"; };
		C68E4B842083178F0073F695 /* SignUpViewController.swift */ = {isa = PBXFileReference; lastKnownFileType = sourcecode.swift; path = SignUpViewController.swift; sourceTree = "<group>"; };
		DB0B32FD4E359D86F70E22A2 /* Pods_share_time.framework */ = {isa = PBXFileReference; explicitFileType = wrapper.framework; includeInIndex = 0; path = Pods_share_time.framework; sourceTree = BUILT_PRODUCTS_DIR; };
/* End PBXFileReference section */

/* Begin PBXFrameworksBuildPhase section */
		5A254AD42082F04E00767CB7 /* Frameworks */ = {
			isa = PBXFrameworksBuildPhase;
			buildActionMask = 2147483647;
			files = (
				4E1DAE25259F11E514246437 /* Pods_share_time.framework in Frameworks */,
			);
			runOnlyForDeploymentPostprocessing = 0;
		};
		5A254AE82082F04E00767CB7 /* Frameworks */ = {
			isa = PBXFrameworksBuildPhase;
			buildActionMask = 2147483647;
			files = (
				C2F27EF9AFB11FFEE3BC3B96 /* Pods_share_timeTests.framework in Frameworks */,
			);
			runOnlyForDeploymentPostprocessing = 0;
		};
		5A254AF32082F04E00767CB7 /* Frameworks */ = {
			isa = PBXFrameworksBuildPhase;
			buildActionMask = 2147483647;
			files = (
				9C5B2CFC14D21876B393D021 /* Pods_share_timeUITests.framework in Frameworks */,
			);
			runOnlyForDeploymentPostprocessing = 0;
		};
/* End PBXFrameworksBuildPhase section */

/* Begin PBXGroup section */
		1150E15EA05C8F4DB2B685AD /* Pods */ = {
			isa = PBXGroup;
			children = (
				C3C42CF6DA0392FD0C771A9F /* Pods-share-time.debug.xcconfig */,
				5C5482A52A6A5B9A661E81D7 /* Pods-share-time.release.xcconfig */,
				7D5F04D6D9C88821909F4745 /* Pods-share-timeTests.debug.xcconfig */,
				67513358329D0E17CC4439B8 /* Pods-share-timeTests.release.xcconfig */,
				1D584195F00E2A4D3C99DAFB /* Pods-share-timeUITests.debug.xcconfig */,
				69D4E1F4917B9F8942861F63 /* Pods-share-timeUITests.release.xcconfig */,
			);
			name = Pods;
			sourceTree = "<group>";
		};
		5A254ACE2082F04E00767CB7 = {
			isa = PBXGroup;
			children = (
				5A254AD92082F04E00767CB7 /* share-time */,
				5A254AEE2082F04E00767CB7 /* share-timeTests */,
				5A254AF92082F04E00767CB7 /* share-timeUITests */,
				5A254AD82082F04E00767CB7 /* Products */,
				1150E15EA05C8F4DB2B685AD /* Pods */,
				69EF7E70EDC221FFF232DD0B /* Frameworks */,
			);
			sourceTree = "<group>";
		};
		5A254AD82082F04E00767CB7 /* Products */ = {
			isa = PBXGroup;
			children = (
				5A254AD72082F04E00767CB7 /* share-time.app */,
				5A254AEB2082F04E00767CB7 /* share-timeTests.xctest */,
				5A254AF62082F04E00767CB7 /* share-timeUITests.xctest */,
			);
			name = Products;
			sourceTree = "<group>";
		};
		5A254AD92082F04E00767CB7 /* share-time */ = {
			isa = PBXGroup;
			children = (
				709FAEA920B1665A00FA1C6B /* defaultBlob.gif */,
				70CE5ADD20830B770023F3D7 /* Cell */,
				70CE5AD4208300150023F3D7 /* View Controllers */,
				5A254ADA2082F04E00767CB7 /* AppDelegate.swift */,
				5A254ADE2082F04E00767CB7 /* Main.storyboard */,
				5A254AE12082F04E00767CB7 /* Assets.xcassets */,
				5A254AE32082F04E00767CB7 /* LaunchScreen.storyboard */,
				5A254AE62082F04E00767CB7 /* Info.plist */,
				5AEE747820915F70006A2689 /* StudyGroup.swift */,
				5A142AEF209A99DD003FF5C7 /* Helper.swift */,
				5AEE747A209162B7006A2689 /* Course.swift */,
				5A2D1ADD20B15398007B7088 /* HPTimer.swift */,
				5A2CA82C20B4E0EF00AD1CD5 /* Color.swift */,
			);
			path = "share-time";
			sourceTree = "<group>";
		};
		5A254AEE2082F04E00767CB7 /* share-timeTests */ = {
			isa = PBXGroup;
			children = (
				5A254AEF2082F04E00767CB7 /* share_timeTests.swift */,
				5A254AF12082F04E00767CB7 /* Info.plist */,
			);
			path = "share-timeTests";
			sourceTree = "<group>";
		};
		5A254AF92082F04E00767CB7 /* share-timeUITests */ = {
			isa = PBXGroup;
			children = (
				5A254AFA2082F04E00767CB7 /* share_timeUITests.swift */,
				5A254AFC2082F04E00767CB7 /* Info.plist */,
			);
			path = "share-timeUITests";
			sourceTree = "<group>";
		};
		69EF7E70EDC221FFF232DD0B /* Frameworks */ = {
			isa = PBXGroup;
			children = (
				DB0B32FD4E359D86F70E22A2 /* Pods_share_time.framework */,
				C0516E5E82CDECB8882F6A59 /* Pods_share_timeTests.framework */,
				B66399DE5602F7E34C871587 /* Pods_share_timeUITests.framework */,
			);
			name = Frameworks;
			sourceTree = "<group>";
		};
		70CE5AD4208300150023F3D7 /* View Controllers */ = {
			isa = PBXGroup;
			children = (
				5AA6EE6F20A7CCDC0081B5EB /* StudyingViewController.swift */,
				5A2F10CD209DC707007A0A4C /* ChangePasswordViewController.swift */,
				5AFE25A52082F4FE00EED7F9 /* LoginViewController.swift */,
				C68E4B842083178F0073F695 /* SignUpViewController.swift */,
				5AFE25A72082F5E900EED7F9 /* FindClassViewController.swift */,
				5A0CC9CB20A95ADF002E6F9F /* BlobViewController.swift */,
				5AFE25A92082F68100EED7F9 /* ClassDetailViewController.swift */,
				5AFE25AB2082F79C00EED7F9 /* AddStudyGroupViewController.swift */,
				5A8B072320AAED5700755718 /* QRScannerViewController.swift */,
				5A7D516520B1880500D69ECD /* PresetAppearanceConfigs.swift */,
				70CE5AD5208300810023F3D7 /* MainPageViewController.swift */,
				70CE5AD920830A2F0023F3D7 /* ChatViewController.swift */,
				5A7D516120B181CD00D69ECD /* TabViewController.swift */,
				705BAB40209808DC0047F91D /* ProfileViewController.swift */,
				70F23BDC209F8526009E7598 /* GroupInfoViewController.swift */,
				5AA6C68E20AAE88900F86C92 /* QRViewController.swift */,
				5A0CC9C820A954D3002E6F9F /* PageViewController.swift */,
				5AE258F620B2EBA30040866D /* FindGroupViewController.swift */,
				5AE16BD520B44318003FF497 /* ChangeStudyHoursViewController.swift */,
				5AC3439C20B5209700EDF3C7 /* ProfileTableViewController.swift */,
			);
			path = "View Controllers";
			sourceTree = "<group>";
		};
		70CE5ADD20830B770023F3D7 /* Cell */ = {
			isa = PBXGroup;
			children = (
				70CE5AD7208309300023F3D7 /* StudyGroupCell.swift */,
				70CE5ADB20830B6E0023F3D7 /* ChatCell.swift */,
				70CE5ADE20830EEB0023F3D7 /* ClassCell.swift */,
				5A8FF2BE20859C02004957DE /* PublicStudyGroupCell.swift */,
				5A372706209DF26000EFE1F4 /* UserCell.swift */,
				70F23BDE209F88A6009E7598 /* MemberCell.swift */,
			);
			path = Cell;
			sourceTree = "<group>";
		};
/* End PBXGroup section */

/* Begin PBXNativeTarget section */
		5A254AD62082F04E00767CB7 /* share-time */ = {
			isa = PBXNativeTarget;
			buildConfigurationList = 5A254AFF2082F04E00767CB7 /* Build configuration list for PBXNativeTarget "share-time" */;
			buildPhases = (
				894826BCE06A042ABB940395 /* [CP] Check Pods Manifest.lock */,
				5A254AD32082F04E00767CB7 /* Sources */,
				5A254AD42082F04E00767CB7 /* Frameworks */,
				5A254AD52082F04E00767CB7 /* Resources */,
				9913918F4293A6A725DF3F37 /* [CP] Embed Pods Frameworks */,
			);
			buildRules = (
			);
			dependencies = (
			);
			name = "share-time";
			productName = "share-time";
			productReference = 5A254AD72082F04E00767CB7 /* share-time.app */;
			productType = "com.apple.product-type.application";
		};
		5A254AEA2082F04E00767CB7 /* share-timeTests */ = {
			isa = PBXNativeTarget;
			buildConfigurationList = 5A254B022082F04E00767CB7 /* Build configuration list for PBXNativeTarget "share-timeTests" */;
			buildPhases = (
				825EC3221DC18C300AA0012F /* [CP] Check Pods Manifest.lock */,
				5A254AE72082F04E00767CB7 /* Sources */,
				5A254AE82082F04E00767CB7 /* Frameworks */,
				5A254AE92082F04E00767CB7 /* Resources */,
			);
			buildRules = (
			);
			dependencies = (
				5A254AED2082F04E00767CB7 /* PBXTargetDependency */,
			);
			name = "share-timeTests";
			productName = "share-timeTests";
			productReference = 5A254AEB2082F04E00767CB7 /* share-timeTests.xctest */;
			productType = "com.apple.product-type.bundle.unit-test";
		};
		5A254AF52082F04E00767CB7 /* share-timeUITests */ = {
			isa = PBXNativeTarget;
			buildConfigurationList = 5A254B052082F04E00767CB7 /* Build configuration list for PBXNativeTarget "share-timeUITests" */;
			buildPhases = (
				710DD6A7EEF22442B66B9573 /* [CP] Check Pods Manifest.lock */,
				5A254AF22082F04E00767CB7 /* Sources */,
				5A254AF32082F04E00767CB7 /* Frameworks */,
				5A254AF42082F04E00767CB7 /* Resources */,
			);
			buildRules = (
			);
			dependencies = (
				5A254AF82082F04E00767CB7 /* PBXTargetDependency */,
			);
			name = "share-timeUITests";
			productName = "share-timeUITests";
			productReference = 5A254AF62082F04E00767CB7 /* share-timeUITests.xctest */;
			productType = "com.apple.product-type.bundle.ui-testing";
		};
/* End PBXNativeTarget section */

/* Begin PBXProject section */
		5A254ACF2082F04E00767CB7 /* Project object */ = {
			isa = PBXProject;
			attributes = {
				LastSwiftUpdateCheck = 0920;
				LastUpgradeCheck = 0920;
				ORGANIZATIONNAME = "share-time";
				TargetAttributes = {
					5A254AD62082F04E00767CB7 = {
						CreatedOnToolsVersion = 9.2;
						ProvisioningStyle = Automatic;
					};
					5A254AEA2082F04E00767CB7 = {
						CreatedOnToolsVersion = 9.2;
						ProvisioningStyle = Automatic;
						TestTargetID = 5A254AD62082F04E00767CB7;
					};
					5A254AF52082F04E00767CB7 = {
						CreatedOnToolsVersion = 9.2;
						ProvisioningStyle = Automatic;
						TestTargetID = 5A254AD62082F04E00767CB7;
					};
				};
			};
			buildConfigurationList = 5A254AD22082F04E00767CB7 /* Build configuration list for PBXProject "share-time" */;
			compatibilityVersion = "Xcode 8.0";
			developmentRegion = en;
			hasScannedForEncodings = 0;
			knownRegions = (
				en,
				Base,
			);
			mainGroup = 5A254ACE2082F04E00767CB7;
			productRefGroup = 5A254AD82082F04E00767CB7 /* Products */;
			projectDirPath = "";
			projectRoot = "";
			targets = (
				5A254AD62082F04E00767CB7 /* share-time */,
				5A254AEA2082F04E00767CB7 /* share-timeTests */,
				5A254AF52082F04E00767CB7 /* share-timeUITests */,
			);
		};
/* End PBXProject section */

/* Begin PBXResourcesBuildPhase section */
		5A254AD52082F04E00767CB7 /* Resources */ = {
			isa = PBXResourcesBuildPhase;
			buildActionMask = 2147483647;
			files = (
				5A254AE52082F04E00767CB7 /* LaunchScreen.storyboard in Resources */,
				5A254AE22082F04E00767CB7 /* Assets.xcassets in Resources */,
				5A254AE02082F04E00767CB7 /* Main.storyboard in Resources */,
				709FAEAA20B1665A00FA1C6B /* defaultBlob.gif in Resources */,
			);
			runOnlyForDeploymentPostprocessing = 0;
		};
		5A254AE92082F04E00767CB7 /* Resources */ = {
			isa = PBXResourcesBuildPhase;
			buildActionMask = 2147483647;
			files = (
			);
			runOnlyForDeploymentPostprocessing = 0;
		};
		5A254AF42082F04E00767CB7 /* Resources */ = {
			isa = PBXResourcesBuildPhase;
			buildActionMask = 2147483647;
			files = (
			);
			runOnlyForDeploymentPostprocessing = 0;
		};
/* End PBXResourcesBuildPhase section */

/* Begin PBXShellScriptBuildPhase section */
		710DD6A7EEF22442B66B9573 /* [CP] Check Pods Manifest.lock */ = {
			isa = PBXShellScriptBuildPhase;
			buildActionMask = 2147483647;
			files = (
			);
			inputPaths = (
				"${PODS_PODFILE_DIR_PATH}/Podfile.lock",
				"${PODS_ROOT}/Manifest.lock",
			);
			name = "[CP] Check Pods Manifest.lock";
			outputPaths = (
				"$(DERIVED_FILE_DIR)/Pods-share-timeUITests-checkManifestLockResult.txt",
			);
			runOnlyForDeploymentPostprocessing = 0;
			shellPath = /bin/sh;
			shellScript = "diff \"${PODS_PODFILE_DIR_PATH}/Podfile.lock\" \"${PODS_ROOT}/Manifest.lock\" > /dev/null\nif [ $? != 0 ] ; then\n    # print error to STDERR\n    echo \"error: The sandbox is not in sync with the Podfile.lock. Run 'pod install' or update your CocoaPods installation.\" >&2\n    exit 1\nfi\n# This output is used by Xcode 'outputs' to avoid re-running this script phase.\necho \"SUCCESS\" > \"${SCRIPT_OUTPUT_FILE_0}\"\n";
			showEnvVarsInLog = 0;
		};
		825EC3221DC18C300AA0012F /* [CP] Check Pods Manifest.lock */ = {
			isa = PBXShellScriptBuildPhase;
			buildActionMask = 2147483647;
			files = (
			);
			inputPaths = (
				"${PODS_PODFILE_DIR_PATH}/Podfile.lock",
				"${PODS_ROOT}/Manifest.lock",
			);
			name = "[CP] Check Pods Manifest.lock";
			outputPaths = (
				"$(DERIVED_FILE_DIR)/Pods-share-timeTests-checkManifestLockResult.txt",
			);
			runOnlyForDeploymentPostprocessing = 0;
			shellPath = /bin/sh;
			shellScript = "diff \"${PODS_PODFILE_DIR_PATH}/Podfile.lock\" \"${PODS_ROOT}/Manifest.lock\" > /dev/null\nif [ $? != 0 ] ; then\n    # print error to STDERR\n    echo \"error: The sandbox is not in sync with the Podfile.lock. Run 'pod install' or update your CocoaPods installation.\" >&2\n    exit 1\nfi\n# This output is used by Xcode 'outputs' to avoid re-running this script phase.\necho \"SUCCESS\" > \"${SCRIPT_OUTPUT_FILE_0}\"\n";
			showEnvVarsInLog = 0;
		};
		894826BCE06A042ABB940395 /* [CP] Check Pods Manifest.lock */ = {
			isa = PBXShellScriptBuildPhase;
			buildActionMask = 2147483647;
			files = (
			);
			inputPaths = (
				"${PODS_PODFILE_DIR_PATH}/Podfile.lock",
				"${PODS_ROOT}/Manifest.lock",
			);
			name = "[CP] Check Pods Manifest.lock";
			outputPaths = (
				"$(DERIVED_FILE_DIR)/Pods-share-time-checkManifestLockResult.txt",
			);
			runOnlyForDeploymentPostprocessing = 0;
			shellPath = /bin/sh;
			shellScript = "diff \"${PODS_PODFILE_DIR_PATH}/Podfile.lock\" \"${PODS_ROOT}/Manifest.lock\" > /dev/null\nif [ $? != 0 ] ; then\n    # print error to STDERR\n    echo \"error: The sandbox is not in sync with the Podfile.lock. Run 'pod install' or update your CocoaPods installation.\" >&2\n    exit 1\nfi\n# This output is used by Xcode 'outputs' to avoid re-running this script phase.\necho \"SUCCESS\" > \"${SCRIPT_OUTPUT_FILE_0}\"\n";
			showEnvVarsInLog = 0;
		};
		9913918F4293A6A725DF3F37 /* [CP] Embed Pods Frameworks */ = {
			isa = PBXShellScriptBuildPhase;
			buildActionMask = 2147483647;
			files = (
			);
			inputPaths = (
				"${SRCROOT}/Pods/Target Support Files/Pods-share-time/Pods-share-time-frameworks.sh",
				"${BUILT_PRODUCTS_DIR}/Alamofire/Alamofire.framework",
				"${BUILT_PRODUCTS_DIR}/AlamofireImage/AlamofireImage.framework",
				"${BUILT_PRODUCTS_DIR}/AutoInsetter/AutoInsetter.framework",
				"${BUILT_PRODUCTS_DIR}/Bolts/Bolts.framework",
				"${BUILT_PRODUCTS_DIR}/Chatto/Chatto.framework",
				"${BUILT_PRODUCTS_DIR}/ChattoAdditions/ChattoAdditions.framework",
				"${BUILT_PRODUCTS_DIR}/PKHUD/PKHUD.framework",
				"${BUILT_PRODUCTS_DIR}/Pageboy/Pageboy.framework",
				"${BUILT_PRODUCTS_DIR}/Parse/Parse.framework",
				"${BUILT_PRODUCTS_DIR}/QRCode/QRCode.framework",
				"${BUILT_PRODUCTS_DIR}/SkyFloatingLabelTextField/SkyFloatingLabelTextField.framework",
				"${BUILT_PRODUCTS_DIR}/SwiftGifOrigin/SwiftGifOrigin.framework",
				"${BUILT_PRODUCTS_DIR}/Tabman/Tabman.framework",
			);
			name = "[CP] Embed Pods Frameworks";
			outputPaths = (
				"${TARGET_BUILD_DIR}/${FRAMEWORKS_FOLDER_PATH}/Alamofire.framework",
				"${TARGET_BUILD_DIR}/${FRAMEWORKS_FOLDER_PATH}/AlamofireImage.framework",
				"${TARGET_BUILD_DIR}/${FRAMEWORKS_FOLDER_PATH}/AutoInsetter.framework",
				"${TARGET_BUILD_DIR}/${FRAMEWORKS_FOLDER_PATH}/Bolts.framework",
				"${TARGET_BUILD_DIR}/${FRAMEWORKS_FOLDER_PATH}/Chatto.framework",
				"${TARGET_BUILD_DIR}/${FRAMEWORKS_FOLDER_PATH}/ChattoAdditions.framework",
				"${TARGET_BUILD_DIR}/${FRAMEWORKS_FOLDER_PATH}/PKHUD.framework",
				"${TARGET_BUILD_DIR}/${FRAMEWORKS_FOLDER_PATH}/Pageboy.framework",
				"${TARGET_BUILD_DIR}/${FRAMEWORKS_FOLDER_PATH}/Parse.framework",
				"${TARGET_BUILD_DIR}/${FRAMEWORKS_FOLDER_PATH}/QRCode.framework",
				"${TARGET_BUILD_DIR}/${FRAMEWORKS_FOLDER_PATH}/SkyFloatingLabelTextField.framework",
				"${TARGET_BUILD_DIR}/${FRAMEWORKS_FOLDER_PATH}/SwiftGifOrigin.framework",
				"${TARGET_BUILD_DIR}/${FRAMEWORKS_FOLDER_PATH}/Tabman.framework",
			);
			runOnlyForDeploymentPostprocessing = 0;
			shellPath = /bin/sh;
			shellScript = "\"${SRCROOT}/Pods/Target Support Files/Pods-share-time/Pods-share-time-frameworks.sh\"\n";
			showEnvVarsInLog = 0;
		};
/* End PBXShellScriptBuildPhase section */

/* Begin PBXSourcesBuildPhase section */
		5A254AD32082F04E00767CB7 /* Sources */ = {
			isa = PBXSourcesBuildPhase;
			buildActionMask = 2147483647;
			files = (
				5A0CC9CC20A95ADF002E6F9F /* BlobViewController.swift in Sources */,
				5AFE25AA2082F68100EED7F9 /* ClassDetailViewController.swift in Sources */,
				70CE5AD6208300810023F3D7 /* MainPageViewController.swift in Sources */,
				5AA6EE7020A7CCDC0081B5EB /* StudyingViewController.swift in Sources */,
				5A7D516620B1880500D69ECD /* PresetAppearanceConfigs.swift in Sources */,
				5AFE25A62082F4FE00EED7F9 /* LoginViewController.swift in Sources */,
				5AC3439D20B5209700EDF3C7 /* ProfileTableViewController.swift in Sources */,
				5A8B072420AAED5700755718 /* QRScannerViewController.swift in Sources */,
				70CE5ADF20830EEB0023F3D7 /* ClassCell.swift in Sources */,
				70CE5ADC20830B6E0023F3D7 /* ChatCell.swift in Sources */,
				5AE258F720B2EBA30040866D /* FindGroupViewController.swift in Sources */,
				C68E4B852083178F0073F695 /* SignUpViewController.swift in Sources */,
				5A8FF2BF20859C02004957DE /* PublicStudyGroupCell.swift in Sources */,
				5AEE747920915F70006A2689 /* StudyGroup.swift in Sources */,
				5A142AF0209A99DD003FF5C7 /* Helper.swift in Sources */,
				5AA6C68F20AAE88900F86C92 /* QRViewController.swift in Sources */,
				70F23BDD209F8526009E7598 /* GroupInfoViewController.swift in Sources */,
				5AEE747B209162B7006A2689 /* Course.swift in Sources */,
				5AFE25A82082F5E900EED7F9 /* FindClassViewController.swift in Sources */,
				5A0CC9C920A954D3002E6F9F /* PageViewController.swift in Sources */,
				5A2CA82D20B4E0EF00AD1CD5 /* Color.swift in Sources */,
				70CE5AD8208309300023F3D7 /* StudyGroupCell.swift in Sources */,
				5A2F10CE209DC707007A0A4C /* ChangePasswordViewController.swift in Sources */,
				5A2D1ADE20B15398007B7088 /* HPTimer.swift in Sources */,
				5AFE25AC2082F79C00EED7F9 /* AddStudyGroupViewController.swift in Sources */,
				70F23BDF209F88A6009E7598 /* MemberCell.swift in Sources */,
				5A372707209DF26000EFE1F4 /* UserCell.swift in Sources */,
				705BAB41209808DC0047F91D /* ProfileViewController.swift in Sources */,
				5A7D516220B181CD00D69ECD /* TabViewController.swift in Sources */,
				70CE5ADA20830A2F0023F3D7 /* ChatViewController.swift in Sources */,
				5AE16BD620B44318003FF497 /* ChangeStudyHoursViewController.swift in Sources */,
				5A254ADB2082F04E00767CB7 /* AppDelegate.swift in Sources */,
			);
			runOnlyForDeploymentPostprocessing = 0;
		};
		5A254AE72082F04E00767CB7 /* Sources */ = {
			isa = PBXSourcesBuildPhase;
			buildActionMask = 2147483647;
			files = (
				5A254AF02082F04E00767CB7 /* share_timeTests.swift in Sources */,
			);
			runOnlyForDeploymentPostprocessing = 0;
		};
		5A254AF22082F04E00767CB7 /* Sources */ = {
			isa = PBXSourcesBuildPhase;
			buildActionMask = 2147483647;
			files = (
				5A254AFB2082F04E00767CB7 /* share_timeUITests.swift in Sources */,
			);
			runOnlyForDeploymentPostprocessing = 0;
		};
/* End PBXSourcesBuildPhase section */

/* Begin PBXTargetDependency section */
		5A254AED2082F04E00767CB7 /* PBXTargetDependency */ = {
			isa = PBXTargetDependency;
			target = 5A254AD62082F04E00767CB7 /* share-time */;
			targetProxy = 5A254AEC2082F04E00767CB7 /* PBXContainerItemProxy */;
		};
		5A254AF82082F04E00767CB7 /* PBXTargetDependency */ = {
			isa = PBXTargetDependency;
			target = 5A254AD62082F04E00767CB7 /* share-time */;
			targetProxy = 5A254AF72082F04E00767CB7 /* PBXContainerItemProxy */;
		};
/* End PBXTargetDependency section */

/* Begin PBXVariantGroup section */
		5A254ADE2082F04E00767CB7 /* Main.storyboard */ = {
			isa = PBXVariantGroup;
			children = (
				5A254ADF2082F04E00767CB7 /* Base */,
			);
			name = Main.storyboard;
			sourceTree = "<group>";
		};
		5A254AE32082F04E00767CB7 /* LaunchScreen.storyboard */ = {
			isa = PBXVariantGroup;
			children = (
				5A254AE42082F04E00767CB7 /* Base */,
			);
			name = LaunchScreen.storyboard;
			sourceTree = "<group>";
		};
/* End PBXVariantGroup section */

/* Begin XCBuildConfiguration section */
		5A254AFD2082F04E00767CB7 /* Debug */ = {
			isa = XCBuildConfiguration;
			buildSettings = {
				ALWAYS_SEARCH_USER_PATHS = NO;
				CLANG_ANALYZER_NONNULL = YES;
				CLANG_ANALYZER_NUMBER_OBJECT_CONVERSION = YES_AGGRESSIVE;
				CLANG_CXX_LANGUAGE_STANDARD = "gnu++14";
				CLANG_CXX_LIBRARY = "libc++";
				CLANG_ENABLE_MODULES = YES;
				CLANG_ENABLE_OBJC_ARC = YES;
				CLANG_WARN_BLOCK_CAPTURE_AUTORELEASING = YES;
				CLANG_WARN_BOOL_CONVERSION = YES;
				CLANG_WARN_COMMA = YES;
				CLANG_WARN_CONSTANT_CONVERSION = YES;
				CLANG_WARN_DIRECT_OBJC_ISA_USAGE = YES_ERROR;
				CLANG_WARN_DOCUMENTATION_COMMENTS = YES;
				CLANG_WARN_EMPTY_BODY = YES;
				CLANG_WARN_ENUM_CONVERSION = YES;
				CLANG_WARN_INFINITE_RECURSION = YES;
				CLANG_WARN_INT_CONVERSION = YES;
				CLANG_WARN_NON_LITERAL_NULL_CONVERSION = YES;
				CLANG_WARN_OBJC_LITERAL_CONVERSION = YES;
				CLANG_WARN_OBJC_ROOT_CLASS = YES_ERROR;
				CLANG_WARN_RANGE_LOOP_ANALYSIS = YES;
				CLANG_WARN_STRICT_PROTOTYPES = YES;
				CLANG_WARN_SUSPICIOUS_MOVE = YES;
				CLANG_WARN_UNGUARDED_AVAILABILITY = YES_AGGRESSIVE;
				CLANG_WARN_UNREACHABLE_CODE = YES;
				CLANG_WARN__DUPLICATE_METHOD_MATCH = YES;
				CODE_SIGN_IDENTITY = "iPhone Developer";
				COPY_PHASE_STRIP = NO;
				DEBUG_INFORMATION_FORMAT = dwarf;
				ENABLE_STRICT_OBJC_MSGSEND = YES;
				ENABLE_TESTABILITY = YES;
				GCC_C_LANGUAGE_STANDARD = gnu11;
				GCC_DYNAMIC_NO_PIC = NO;
				GCC_NO_COMMON_BLOCKS = YES;
				GCC_OPTIMIZATION_LEVEL = 0;
				GCC_PREPROCESSOR_DEFINITIONS = (
					"DEBUG=1",
					"$(inherited)",
				);
				GCC_WARN_64_TO_32_BIT_CONVERSION = YES;
				GCC_WARN_ABOUT_RETURN_TYPE = YES_ERROR;
				GCC_WARN_UNDECLARED_SELECTOR = YES;
				GCC_WARN_UNINITIALIZED_AUTOS = YES_AGGRESSIVE;
				GCC_WARN_UNUSED_FUNCTION = YES;
				GCC_WARN_UNUSED_VARIABLE = YES;
				IPHONEOS_DEPLOYMENT_TARGET = 11.2;
				MTL_ENABLE_DEBUG_INFO = YES;
				ONLY_ACTIVE_ARCH = YES;
				SDKROOT = iphoneos;
				SWIFT_ACTIVE_COMPILATION_CONDITIONS = DEBUG;
				SWIFT_OPTIMIZATION_LEVEL = "-Onone";
			};
			name = Debug;
		};
		5A254AFE2082F04E00767CB7 /* Release */ = {
			isa = XCBuildConfiguration;
			buildSettings = {
				ALWAYS_SEARCH_USER_PATHS = NO;
				CLANG_ANALYZER_NONNULL = YES;
				CLANG_ANALYZER_NUMBER_OBJECT_CONVERSION = YES_AGGRESSIVE;
				CLANG_CXX_LANGUAGE_STANDARD = "gnu++14";
				CLANG_CXX_LIBRARY = "libc++";
				CLANG_ENABLE_MODULES = YES;
				CLANG_ENABLE_OBJC_ARC = YES;
				CLANG_WARN_BLOCK_CAPTURE_AUTORELEASING = YES;
				CLANG_WARN_BOOL_CONVERSION = YES;
				CLANG_WARN_COMMA = YES;
				CLANG_WARN_CONSTANT_CONVERSION = YES;
				CLANG_WARN_DIRECT_OBJC_ISA_USAGE = YES_ERROR;
				CLANG_WARN_DOCUMENTATION_COMMENTS = YES;
				CLANG_WARN_EMPTY_BODY = YES;
				CLANG_WARN_ENUM_CONVERSION = YES;
				CLANG_WARN_INFINITE_RECURSION = YES;
				CLANG_WARN_INT_CONVERSION = YES;
				CLANG_WARN_NON_LITERAL_NULL_CONVERSION = YES;
				CLANG_WARN_OBJC_LITERAL_CONVERSION = YES;
				CLANG_WARN_OBJC_ROOT_CLASS = YES_ERROR;
				CLANG_WARN_RANGE_LOOP_ANALYSIS = YES;
				CLANG_WARN_STRICT_PROTOTYPES = YES;
				CLANG_WARN_SUSPICIOUS_MOVE = YES;
				CLANG_WARN_UNGUARDED_AVAILABILITY = YES_AGGRESSIVE;
				CLANG_WARN_UNREACHABLE_CODE = YES;
				CLANG_WARN__DUPLICATE_METHOD_MATCH = YES;
				CODE_SIGN_IDENTITY = "iPhone Developer";
				COPY_PHASE_STRIP = NO;
				DEBUG_INFORMATION_FORMAT = "dwarf-with-dsym";
				ENABLE_NS_ASSERTIONS = NO;
				ENABLE_STRICT_OBJC_MSGSEND = YES;
				GCC_C_LANGUAGE_STANDARD = gnu11;
				GCC_NO_COMMON_BLOCKS = YES;
				GCC_WARN_64_TO_32_BIT_CONVERSION = YES;
				GCC_WARN_ABOUT_RETURN_TYPE = YES_ERROR;
				GCC_WARN_UNDECLARED_SELECTOR = YES;
				GCC_WARN_UNINITIALIZED_AUTOS = YES_AGGRESSIVE;
				GCC_WARN_UNUSED_FUNCTION = YES;
				GCC_WARN_UNUSED_VARIABLE = YES;
				IPHONEOS_DEPLOYMENT_TARGET = 11.2;
				MTL_ENABLE_DEBUG_INFO = NO;
				SDKROOT = iphoneos;
				SWIFT_OPTIMIZATION_LEVEL = "-Owholemodule";
				VALIDATE_PRODUCT = YES;
			};
			name = Release;
		};
		5A254B002082F04E00767CB7 /* Debug */ = {
			isa = XCBuildConfiguration;
			baseConfigurationReference = C3C42CF6DA0392FD0C771A9F /* Pods-share-time.debug.xcconfig */;
			buildSettings = {
				ASSETCATALOG_COMPILER_APPICON_NAME = AppIcon;
				CODE_SIGN_STYLE = Automatic;
				DEVELOPMENT_TEAM = JFKG4HDM34;
				INFOPLIST_FILE = "share-time/Info.plist";
				LD_RUNPATH_SEARCH_PATHS = "$(inherited) @executable_path/Frameworks";
				PRODUCT_BUNDLE_IDENTIFIER = "com.share-time.godwin";
				PRODUCT_NAME = "$(TARGET_NAME)";
				SWIFT_VERSION = 4.0;
				TARGETED_DEVICE_FAMILY = "1,2";
			};
			name = Debug;
		};
		5A254B012082F04E00767CB7 /* Release */ = {
			isa = XCBuildConfiguration;
			baseConfigurationReference = 5C5482A52A6A5B9A661E81D7 /* Pods-share-time.release.xcconfig */;
			buildSettings = {
				ASSETCATALOG_COMPILER_APPICON_NAME = AppIcon;
				CODE_SIGN_STYLE = Automatic;
				DEVELOPMENT_TEAM = JFKG4HDM34;
				INFOPLIST_FILE = "share-time/Info.plist";
				LD_RUNPATH_SEARCH_PATHS = "$(inherited) @executable_path/Frameworks";
				PRODUCT_BUNDLE_IDENTIFIER = "com.share-time.godwin";
				PRODUCT_NAME = "$(TARGET_NAME)";
				SWIFT_VERSION = 4.0;
				TARGETED_DEVICE_FAMILY = "1,2";
			};
			name = Release;
		};
		5A254B032082F04E00767CB7 /* Debug */ = {
			isa = XCBuildConfiguration;
			baseConfigurationReference = 7D5F04D6D9C88821909F4745 /* Pods-share-timeTests.debug.xcconfig */;
			buildSettings = {
				ALWAYS_EMBED_SWIFT_STANDARD_LIBRARIES = YES;
				BUNDLE_LOADER = "$(TEST_HOST)";
				CODE_SIGN_STYLE = Automatic;
				INFOPLIST_FILE = "share-timeTests/Info.plist";
				LD_RUNPATH_SEARCH_PATHS = "$(inherited) @executable_path/Frameworks @loader_path/Frameworks";
				PRODUCT_BUNDLE_IDENTIFIER = "com.share-timeTests";
				PRODUCT_NAME = "$(TARGET_NAME)";
				SWIFT_VERSION = 4.0;
				TARGETED_DEVICE_FAMILY = "1,2";
				TEST_HOST = "$(BUILT_PRODUCTS_DIR)/share-time.app/share-time";
			};
			name = Debug;
		};
		5A254B042082F04E00767CB7 /* Release */ = {
			isa = XCBuildConfiguration;
			baseConfigurationReference = 67513358329D0E17CC4439B8 /* Pods-share-timeTests.release.xcconfig */;
			buildSettings = {
				ALWAYS_EMBED_SWIFT_STANDARD_LIBRARIES = YES;
				BUNDLE_LOADER = "$(TEST_HOST)";
				CODE_SIGN_STYLE = Automatic;
				INFOPLIST_FILE = "share-timeTests/Info.plist";
				LD_RUNPATH_SEARCH_PATHS = "$(inherited) @executable_path/Frameworks @loader_path/Frameworks";
				PRODUCT_BUNDLE_IDENTIFIER = "com.share-timeTests";
				PRODUCT_NAME = "$(TARGET_NAME)";
				SWIFT_VERSION = 4.0;
				TARGETED_DEVICE_FAMILY = "1,2";
				TEST_HOST = "$(BUILT_PRODUCTS_DIR)/share-time.app/share-time";
			};
			name = Release;
		};
		5A254B062082F04E00767CB7 /* Debug */ = {
			isa = XCBuildConfiguration;
			baseConfigurationReference = 1D584195F00E2A4D3C99DAFB /* Pods-share-timeUITests.debug.xcconfig */;
			buildSettings = {
				ALWAYS_EMBED_SWIFT_STANDARD_LIBRARIES = YES;
				CODE_SIGN_STYLE = Automatic;
				INFOPLIST_FILE = "share-timeUITests/Info.plist";
				LD_RUNPATH_SEARCH_PATHS = "$(inherited) @executable_path/Frameworks @loader_path/Frameworks";
				PRODUCT_BUNDLE_IDENTIFIER = "com.share-timeUITests";
				PRODUCT_NAME = "$(TARGET_NAME)";
				SWIFT_VERSION = 4.0;
				TARGETED_DEVICE_FAMILY = "1,2";
				TEST_TARGET_NAME = "share-time";
			};
			name = Debug;
		};
		5A254B072082F04E00767CB7 /* Release */ = {
			isa = XCBuildConfiguration;
			baseConfigurationReference = 69D4E1F4917B9F8942861F63 /* Pods-share-timeUITests.release.xcconfig */;
			buildSettings = {
				ALWAYS_EMBED_SWIFT_STANDARD_LIBRARIES = YES;
				CODE_SIGN_STYLE = Automatic;
				INFOPLIST_FILE = "share-timeUITests/Info.plist";
				LD_RUNPATH_SEARCH_PATHS = "$(inherited) @executable_path/Frameworks @loader_path/Frameworks";
				PRODUCT_BUNDLE_IDENTIFIER = "com.share-timeUITests";
				PRODUCT_NAME = "$(TARGET_NAME)";
				SWIFT_VERSION = 4.0;
				TARGETED_DEVICE_FAMILY = "1,2";
				TEST_TARGET_NAME = "share-time";
			};
			name = Release;
		};
/* End XCBuildConfiguration section */

/* Begin XCConfigurationList section */
		5A254AD22082F04E00767CB7 /* Build configuration list for PBXProject "share-time" */ = {
			isa = XCConfigurationList;
			buildConfigurations = (
				5A254AFD2082F04E00767CB7 /* Debug */,
				5A254AFE2082F04E00767CB7 /* Release */,
			);
			defaultConfigurationIsVisible = 0;
			defaultConfigurationName = Release;
		};
		5A254AFF2082F04E00767CB7 /* Build configuration list for PBXNativeTarget "share-time" */ = {
			isa = XCConfigurationList;
			buildConfigurations = (
				5A254B002082F04E00767CB7 /* Debug */,
				5A254B012082F04E00767CB7 /* Release */,
			);
			defaultConfigurationIsVisible = 0;
			defaultConfigurationName = Release;
		};
		5A254B022082F04E00767CB7 /* Build configuration list for PBXNativeTarget "share-timeTests" */ = {
			isa = XCConfigurationList;
			buildConfigurations = (
				5A254B032082F04E00767CB7 /* Debug */,
				5A254B042082F04E00767CB7 /* Release */,
			);
			defaultConfigurationIsVisible = 0;
			defaultConfigurationName = Release;
		};
		5A254B052082F04E00767CB7 /* Build configuration list for PBXNativeTarget "share-timeUITests" */ = {
			isa = XCConfigurationList;
			buildConfigurations = (
				5A254B062082F04E00767CB7 /* Debug */,
				5A254B072082F04E00767CB7 /* Release */,
			);
			defaultConfigurationIsVisible = 0;
			defaultConfigurationName = Release;
		};
/* End XCConfigurationList section */
	};
	rootObject = 5A254ACF2082F04E00767CB7 /* Project object */;
}
